
Microsoft Visual Studio Solution File, Format Version 12.00
# Visual Studio Version 16
VisualStudioVersion = 16.0.32510.428
MinimumVisualStudioVersion = 10.0.40219.1
Project("{FAE04EC0-301F-11D3-BF4B-00C04F79EFBC}") = "Fitbit.Portable.48", "Fitbit.Portable.48\Fitbit.Portable.48.csproj", "{3A670134-1D82-4F88-A22B-EE2877F99B17}"
EndProject
Global
	GlobalSection(SolutionConfigurationPlatforms) = preSolution
		Debug|Any CPU = Debug|Any CPU
		Release|Any CPU = Release|Any CPU
	EndGlobalSection
	GlobalSection(ProjectConfigurationPlatforms) = postSolution
		{3A670134-1D82-4F88-A22B-EE2877F99B17}.Debug|Any CPU.ActiveCfg = Debug|Any CPU
		{3A670134-1D82-4F88-A22B-EE2877F99B17}.Debug|Any CPU.Build.0 = Debug|Any CPU
		{3A670134-1D82-4F88-A22B-EE2877F99B17}.Release|Any CPU.ActiveCfg = Release|Any CPU
		{3A670134-1D82-4F88-A22B-EE2877F99B17}.Release|Any CPU.Build.0 = Release|Any CPU
	EndGlobalSection
	GlobalSection(SolutionProperties) = preSolution
		HideSolutionNode = FALSE
	EndGlobalSection
	GlobalSection(ExtensibilityGlobals) = postSolution
		SolutionGuid = {F3D87BF2-9275-4079-8B20-492718236356}
	EndGlobalSection
EndGlobal
